# This file was autogenerated by Stack.
# You should not edit this file by hand.
# For more information, please see the documentation at:
#   https://docs.haskellstack.org/en/stable/lock_files

packages:
- completed:
    hackage: polysemy-0.5.0.0@sha256:b20c57a6e0dea6c9ffff6ae6f82964acf94e7becde90f705c11c2a15764eaee7,4909
    pantry-tree:
      size: 2777
      sha256: 982ec9a70d08642b7c9d7cb5a2f049d6feb21e6063460bbc12d3c9f0afca958c
  original:
    hackage: polysemy-0.5.0.0
- completed:
    hackage: polysemy-plugin-0.2.1.0@sha256:db5aa30eb9610c6c7aca782f68a128fef4656c867ed29ad328eb1322d8d9b414,2516
    pantry-tree:
      size: 972
      sha256: c14ec1162553bd1f74ad9f4282ebf7f549e77afc7df34dc8081a2bbb4d478f01
  original:
    hackage: polysemy-plugin-0.2.1.0
- completed:
    hackage: polysemy-zoo-0.3.0.0@sha256:ea988ca3daecbc582c0ff740124b54142f99289972433c07219efe26bff69b2b,2773
    pantry-tree:
      size: 1321
      sha256: 3c0607b70faf7dedacbd8c5672fdbf3dca0bb64d4bf47f60a00978d36d8c5631
  original:
    hackage: polysemy-zoo-0.3.0.0
- completed:
    hackage: bifunctors-5.5.4@sha256:7240cda20b6b51e18d679691fab27784a56fc075cf71927070850f2960171017,3313
    pantry-tree:
      size: 1620
      sha256: f103d638e096ace87e5db5f0f4562be7563002fe61eb1390377f8af03518e81d
  original:
    hackage: bifunctors-5.5.4
- completed:
    hackage: th-lift-0.8.0.1@sha256:cceb81b12c0580e02a7a3898b6d60cca5e1be080741f69ddde4f12210d8ba7ca,1960
    pantry-tree:
      size: 461
      sha256: 7ed900048c8722069edb6063023d89343f056ca305be598f51f166bd389621df
  original:
    hackage: th-lift-0.8.0.1
- completed:
    hackage: interpolatedstring-qq2-0.1.0.0@sha256:221e4d7bff33e45e14abe510e3fb9323e7a5bd6d13fe9436e6e56254a658419e,1835
    pantry-tree:
      size: 394
      sha256: 3a6c035f968227f3b0f994ab0e820eb898a0f438b24ade3c82b579f0c9238b6e
  original:
    hackage: interpolatedstring-qq2-0.1.0.0
- completed:
    hackage: th-abstraction-0.3.1.0@sha256:96042f6658f2dccfac03b33f0fd59f62b1f65b9b0a765d8a2ea6026f4081ee4a,1838
    pantry-tree:
      size: 583
      sha256: ea48e150478824f88e1e8fc6baa4d23ee3cc1243ab2894dded8d61c9eaaa80ce
  original:
    hackage: th-abstraction-0.3.1.0
- completed:
    hackage: haskell-gi-0.22.4@sha256:370bcdea619b0b70881d794785914238e43237b74ab6be0a2b2e3f41461c8658,5035
    pantry-tree:
      size: 4346
      sha256: 737980dea240cb386a8010494e93bcb76b13251a39ea05348a7a526e15403467
  original:
    hackage: haskell-gi-0.22.4
- completed:
    hackage: haskell-gi-base-0.22.2@sha256:e8d5cf0b4fada4914443f171b38c8b82924bbefca3196793b1622f5fa50adfb4,2308
    pantry-tree:
      size: 1663
      sha256: 6f85514d25d696f7389baa35cb34318e8cc896cad3244cb80d798bc71c5949f1
  original:
    hackage: haskell-gi-base-0.22.2
- completed:
    hackage: gi-atk-2.0.19@sha256:849f8b491dde8eaf3debc74bdddc5bcd41114ab40d1163fd57d217673f92dd56,6328
    pantry-tree:
      size: 355
      sha256: 9c2e29678385c5b37f3a8ed32050eb30b6e2e01581221b62f5fc4fe1e1d98ae9
  original:
    hackage: gi-atk-2.0.19
- completed:
    hackage: gi-cairo-1.0.21@sha256:1ad798c8cf862cb22a35f63aadf826b765316f1ed3b9fd4f8f12722e6f79ae4d,3341
    pantry-tree:
      size: 358
      sha256: 886b1de5dbe1dc996a0946cd5b19226e407cebaf38abb0a3c4d64d929175f611
  original:
    hackage: gi-cairo-1.0.21
- completed:
    hackage: gi-gdk-3.0.20@sha256:f13589ed1432e800f2bc4e7e6ccee4d964b5bafc8bf2fc230e24a2c5b4e43215,8378
    pantry-tree:
      size: 355
      sha256: 38fe2f611195eae1b1ccbba94b49400eebbc4daed4f53fab1e0388a02731d8b3
  original:
    hackage: gi-gdk-3.0.20
- completed:
    hackage: gi-gdkpixbuf-2.0.21@sha256:0246f555e1daeb6bd2be44fc6c3d34284e25bde8f380f453dcdab9d95c9c662d,3329
    pantry-tree:
      size: 368
      sha256: e6c2683c4fba0b64ef45c60a1cddcf61358e7a28363528772fed7488b9ff5d99
  original:
    hackage: gi-gdkpixbuf-2.0.21
- completed:
    hackage: gi-gio-2.0.23@sha256:3081101f82551889b817e04c40224c4bef632ff63942d9fd8c83b91241e384a7,21406
    pantry-tree:
      size: 359
      sha256: 7d1713cb0bd7609dcaa4757e8954ecdc34d6fc2f4985b94741a323c57b65e352
  original:
    hackage: gi-gio-2.0.23
- completed:
    hackage: gi-glib-2.0.21@sha256:fd618b065214b379ea2e56cf717ebc67197de747c1ae6279cbe2913358760d7e,9174
    pantry-tree:
      size: 358
      sha256: c246683adf78a2d77b4d659ec306b86596997796c36fccdec97c1b1e2f5028a1
  original:
    hackage: gi-glib-2.0.21
- completed:
    hackage: gi-gobject-2.0.20@sha256:6ee9c8cde6f33cafd3b0059bf2897992855e06609648cf2b0676d1585b9254c1,8678
    pantry-tree:
      size: 364
      sha256: 87c8bc8ac6461e5e5263c38318b7e55e175b560ca716453458e6513cab1f4c0d
  original:
    hackage: gi-gobject-2.0.20
- completed:
    hackage: gi-gtk-3.0.30@sha256:fcb380565bb7819ecd97824df22a4664a4f6a0d3d5d820fc28800c5f400038fc,37985
    pantry-tree:
      size: 358
      sha256: 431d01c143d01735ca5ad1fcc8408f91f1be781915842e1862940e2458079758
  original:
    hackage: gi-gtk-3.0.30
- completed:
    hackage: gi-gtk-hs-0.3.7.0@sha256:09d35b1dbf3adb290cacac5cbea6d473c5e8074ad46bcbd893fba3674f2f1fe1,2006
    pantry-tree:
      size: 1071
      sha256: 89db17c9b66b9c625be80495dc80604b40751add4e7c78f767967e1639292793
  original:
    hackage: gi-gtk-hs-0.3.7.0
- completed:
    hackage: gi-javascriptcore-4.0.19@sha256:5d27e12b8bb93440f64b4dd166d2e035c60b703f66a393d9aa732bd494bcf762,3543
    pantry-tree:
      size: 312
      sha256: c575ecd56ab5e7e96773cc1bc1cece12404fc3e0cbe409a2e2b3ae4186cd2eb1
  original:
    hackage: gi-javascriptcore-4.0.19
- completed:
    hackage: gi-pango-1.0.20@sha256:0c5d239b6bc20e8fb263df5c3672a58f8c23406f857ac27b571086974933f35e,7680
    pantry-tree:
      size: 360
      sha256: 8bcbb9307232d9e6de2a22827a4aaca6127271a01f807baa2dec96b2c351a49c
  original:
    hackage: gi-pango-1.0.20
- completed:
    hackage: gi-soup-2.4.20@sha256:a6945f67008c6c86677ebdef62a18da75cc0b02329a1701882390981870a26ac,7754
    pantry-tree:
      size: 358
      sha256: 4267ee1a7789040281a508c27689d2492fd4a8fcc70ce56f1e2fc9a981613ccf
  original:
    hackage: gi-soup-2.4.20
- completed:
    hackage: gi-webkit2-4.0.23@sha256:cea0faa94576b9e666a76541e69fba4bf90107cbbdbdcd55296b1359d95b08ef,9781
    pantry-tree:
      size: 364
      sha256: 2114df97c71f98d9389e5aa09a7801e3402a1c5b8f3229737f86699ab4616820
  original:
    hackage: gi-webkit2-4.0.23
- completed:
    hackage: gi-webkit2webextension-4.0.22@sha256:05a84221fed89818069280c87319e9eaed1bc10cc99c2f7065d9b85de90cf473,19874
    pantry-tree:
      size: 387
      sha256: 09c4ea70c742579f0fa175928f40bd5e03bc189026330c9602c5acb00d8fdb11
  original:
    hackage: gi-webkit2webextension-4.0.22
- completed:
    hackage: first-class-families-0.5.0.0@sha256:6e1488c502d5b1e780739a53edab65a307c6bf94d4232fab70e696e87f0fa087,1290
    pantry-tree:
      size: 847
      sha256: 9289ea3bef39f4aae774cfe466810ee55989b1ef58de33a7c9668df8b0657b1d
  original:
    hackage: first-class-families-0.5.0.0
- completed:
    hackage: unagi-chan-0.4.1.0@sha256:2fe7e9e4fd4bda0e42762824ecd9059f20069939774406ddd54f9989b47b3e1a,8653
    pantry-tree:
      size: 2286
      sha256: 1ad7dc27bf42375ffede50d01d4e00189aa427c51ccd117049759c867401bc0c
  original:
    hackage: unagi-chan-0.4.1.0
snapshots:
- completed:
    size: 491155
    url: https://raw.githubusercontent.com/commercialhaskell/stackage-snapshots/master/lts/13/0.yaml
    sha256: 8d3c33e0feab8e04b9ed31452e0219a2b827ed1338c809f79d986c71a177e6ba
  original: lts-13.0
